<?xml version="1.0" encoding="utf-8"?>
<Project ToolsVersion="4.0" xmlns="http://schemas.microsoft.com/developer/msbuild/2003">
  <ItemGroup>
    <Filter Include="Render">
      <UniqueIdentifier>{C5BB87CE-B15D-B2A4-9A18-C6F8865939F5}</UniqueIdentifier>
    </Filter>
  </ItemGroup>
  <ItemGroup>
    <ClInclude Include="src\App.h" />
    <ClInclude Include="src\Core.h" />
    <ClInclude Include="src\Engine.h" />
    <ClInclude Include="src\EntryPoint.h" />
    <ClInclude Include="src\Render\Render.h">
      <Filter>Render</Filter>
    </ClInclude>
    <ClInclude Include="src\Render\Window.h">
      <Filter>Render</Filter>
    </ClInclude>
  </ItemGroup>
  <ItemGroup>
    <ClCompile Include="src\App.cpp" />
    <ClCompile Include="src\Engine.cpp" />
    <ClCompile Include="src\Render\Render.cpp">
      <Filter>Render</Filter>
    </ClCompile>
    <ClCompile Include="src\Render\Window.cpp">
      <Filter>Render</Filter>
    </ClCompile>
  </ItemGroup>
</Project>